
Microsoft Visual Studio Solution File, Format Version 12.00
# Visual Studio Version 17
VisualStudioVersion = 17.14.36327.8 d17.14
MinimumVisualStudioVersion = 10.0.40219.1
Project("{FAE04EC0-301F-11D3-BF4B-00C04F79EFBC}") = "ElevatorSystem.Infrastructure", "ElevatorSystem.Infrastructure.csproj", "{8974A8D8-E867-6C92-E9DA-9C2F2EC8865B}"
EndProject
Global
	GlobalSection(SolutionConfigurationPlatforms) = preSolution
		Debug|Any CPU = Debug|Any CPU
		Release|Any CPU = Release|Any CPU
	EndGlobalSection
	GlobalSection(ProjectConfigurationPlatforms) = postSolution
		{8974A8D8-E867-6C92-E9DA-9C2F2EC8865B}.Debug|Any CPU.ActiveCfg = Debug|Any CPU
		{8974A8D8-E867-6C92-E9DA-9C2F2EC8865B}.Debug|Any CPU.Build.0 = Debug|Any CPU
		{8974A8D8-E867-6C92-E9DA-9C2F2EC8865B}.Release|Any CPU.ActiveCfg = Release|Any CPU
		{8974A8D8-E867-6C92-E9DA-9C2F2EC8865B}.Release|Any CPU.Build.0 = Release|Any CPU
	EndGlobalSection
	GlobalSection(SolutionProperties) = preSolution
		HideSolutionNode = FALSE
	EndGlobalSection
	GlobalSection(ExtensibilityGlobals) = postSolution
		SolutionGuid = {D5A460E0-97D6-4E17-BDA2-6AA49B467275}
	EndGlobalSection
EndGlobal
